
Microsoft Visual Studio Solution File, Format Version 12.00
# Visual Studio Version 16
VisualStudioVersion = 16.0.31005.135
MinimumVisualStudioVersion = 10.0.40219.1
Project("{8BC9CEB8-8B4A-11D0-8D11-00A0C91BC942}") = "stack-with-min", "stack-with-min\stack-with-min.vcxproj", "{D7126A85-1965-41CF-B2DC-A8E5179A2399}"
EndProject
Global
	GlobalSection(SolutionConfigurationPlatforms) = preSolution
		Debug|x64 = Debug|x64
		Debug|x86 = Debug|x86
		Release|x64 = Release|x64
		Release|x86 = Release|x86
	EndGlobalSection
	GlobalSection(ProjectConfigurationPlatforms) = postSolution
		{D7126A85-1965-41CF-B2DC-A8E5179A2399}.Debug|x64.ActiveCfg = Debug|x64
		{D7126A85-1965-41CF-B2DC-A8E5179A2399}.Debug|x64.Build.0 = Debug|x64
		{D7126A85-1965-41CF-B2DC-A8E5179A2399}.Debug|x86.ActiveCfg = Debug|Win32
		{D7126A85-1965-41CF-B2DC-A8E5179A2399}.Debug|x86.Build.0 = Debug|Win32
		{D7126A85-1965-41CF-B2DC-A8E5179A2399}.Release|x64.ActiveCfg = Release|x64
		{D7126A85-1965-41CF-B2DC-A8E5179A2399}.Release|x64.Build.0 = Release|x64
		{D7126A85-1965-41CF-B2DC-A8E5179A2399}.Release|x86.ActiveCfg = Release|Win32
		{D7126A85-1965-41CF-B2DC-A8E5179A2399}.Release|x86.Build.0 = Release|Win32
	EndGlobalSection
	GlobalSection(SolutionProperties) = preSolution
		HideSolutionNode = FALSE
	EndGlobalSection
	GlobalSection(ExtensibilityGlobals) = postSolution
		SolutionGuid = {9EF7D137-6A8D-4177-AE70-98130F712B39}
	EndGlobalSection
EndGlobal
